
Microsoft Visual Studio Solution File, Format Version 12.00
# Visual Studio Version 16
VisualStudioVersion = 16.0.31005.135
MinimumVisualStudioVersion = 10.0.40219.1
Project("{FAE04EC0-301F-11D3-BF4B-00C04F79EFBC}") = "ParallelStaff.FileManager", "ParallelStaff.FileManager\ParallelStaff.FileManager.csproj", "{34F04DED-D065-47A3-A530-061D31EC8930}"
EndProject
Global
	GlobalSection(SolutionConfigurationPlatforms) = preSolution
		Debug|Any CPU = Debug|Any CPU
		Release|Any CPU = Release|Any CPU
	EndGlobalSection
	GlobalSection(ProjectConfigurationPlatforms) = postSolution
		{34F04DED-D065-47A3-A530-061D31EC8930}.Debug|Any CPU.ActiveCfg = Debug|Any CPU
		{34F04DED-D065-47A3-A530-061D31EC8930}.Debug|Any CPU.Build.0 = Debug|Any CPU
		{34F04DED-D065-47A3-A530-061D31EC8930}.Release|Any CPU.ActiveCfg = Release|Any CPU
		{34F04DED-D065-47A3-A530-061D31EC8930}.Release|Any CPU.Build.0 = Release|Any CPU
	EndGlobalSection
	GlobalSection(SolutionProperties) = preSolution
		HideSolutionNode = FALSE
	EndGlobalSection
	GlobalSection(ExtensibilityGlobals) = postSolution
		SolutionGuid = {5DFD1283-C3C6-42CE-AB33-7819356783AF}
	EndGlobalSection
EndGlobal
